
Microsoft Visual Studio Solution File, Format Version 12.00
# Visual Studio Version 17
VisualStudioVersion = 17.0.31903.59
MinimumVisualStudioVersion = 10.0.40219.1
Project("{9A19103F-16F7-4668-BE54-9A1E7A4F7556}") = "csharp-docker-postgree-api", "csharp-docker-postgree-api.csproj", "{9C6A0B32-1A17-44AE-963A-CCBE1694C0ED}"
EndProject
Project("{9A19103F-16F7-4668-BE54-9A1E7A4F7556}") = "TestProject1", "..\TestProject1\TestProject1.csproj", "{55D6112F-A7CD-4FBB-89B5-06D5E0161F38}"
EndProject
Project("{2150E333-8FDC-42A3-9474-1A3956D46DE8}") = "Itens de Solução", "Itens de Solução", "{DE1ED66F-A93F-4E4A-9072-D72E241C7010}"
	ProjectSection(SolutionItems) = preProject
		TextFile1.txt = TextFile1.txt
	EndProjectSection
EndProject
Global
	GlobalSection(SolutionConfigurationPlatforms) = preSolution
		Debug|Any CPU = Debug|Any CPU
		Release|Any CPU = Release|Any CPU
	EndGlobalSection
	GlobalSection(ProjectConfigurationPlatforms) = postSolution
		{9C6A0B32-1A17-44AE-963A-CCBE1694C0ED}.Debug|Any CPU.ActiveCfg = Debug|Any CPU
		{9C6A0B32-1A17-44AE-963A-CCBE1694C0ED}.Debug|Any CPU.Build.0 = Debug|Any CPU
		{9C6A0B32-1A17-44AE-963A-CCBE1694C0ED}.Release|Any CPU.ActiveCfg = Release|Any CPU
		{9C6A0B32-1A17-44AE-963A-CCBE1694C0ED}.Release|Any CPU.Build.0 = Release|Any CPU
		{55D6112F-A7CD-4FBB-89B5-06D5E0161F38}.Debug|Any CPU.ActiveCfg = Debug|Any CPU
		{55D6112F-A7CD-4FBB-89B5-06D5E0161F38}.Debug|Any CPU.Build.0 = Debug|Any CPU
		{55D6112F-A7CD-4FBB-89B5-06D5E0161F38}.Release|Any CPU.ActiveCfg = Release|Any CPU
		{55D6112F-A7CD-4FBB-89B5-06D5E0161F38}.Release|Any CPU.Build.0 = Release|Any CPU
	EndGlobalSection
	GlobalSection(SolutionProperties) = preSolution
		HideSolutionNode = FALSE
	EndGlobalSection
	GlobalSection(ExtensibilityGlobals) = postSolution
		SolutionGuid = {94D1A457-0733-43BA-BBBF-F53AFAB81629}
	EndGlobalSection
EndGlobal
